
Microsoft Visual Studio Solution File, Format Version 12.00
# Visual Studio Version 17
VisualStudioVersion = 17.4.33122.133
MinimumVisualStudioVersion = 10.0.40219.1
Project("{FAE04EC0-301F-11D3-BF4B-00C04F79EFBC}") = "SignalR1", "SignalR1\SignalR1.csproj", "{78770FBA-F507-4FD9-88A1-93C5DA48EEBA}"
EndProject
Global
	GlobalSection(SolutionConfigurationPlatforms) = preSolution
		Debug|Any CPU = Debug|Any CPU
		Release|Any CPU = Release|Any CPU
	EndGlobalSection
	GlobalSection(ProjectConfigurationPlatforms) = postSolution
		{78770FBA-F507-4FD9-88A1-93C5DA48EEBA}.Debug|Any CPU.ActiveCfg = Debug|Any CPU
		{78770FBA-F507-4FD9-88A1-93C5DA48EEBA}.Debug|Any CPU.Build.0 = Debug|Any CPU
		{78770FBA-F507-4FD9-88A1-93C5DA48EEBA}.Release|Any CPU.ActiveCfg = Release|Any CPU
		{78770FBA-F507-4FD9-88A1-93C5DA48EEBA}.Release|Any CPU.Build.0 = Release|Any CPU
	EndGlobalSection
	GlobalSection(SolutionProperties) = preSolution
		HideSolutionNode = FALSE
	EndGlobalSection
	GlobalSection(ExtensibilityGlobals) = postSolution
		SolutionGuid = {F84986DB-8332-4290-91EE-FA256AA0928F}
	EndGlobalSection
EndGlobal
